
Microsoft Visual Studio Solution File, Format Version 12.00
# Visual Studio Version 17
VisualStudioVersion = 17.7.34003.232
MinimumVisualStudioVersion = 10.0.40219.1
Project("{9A19103F-16F7-4668-BE54-9A1E7A4F7556}") = "ScenarioModel", "ScenarioModel\ScenarioModel.csproj", "{184C6E70-1580-44E9-BB75-0F07F1F19236}"
EndProject
Project("{9A19103F-16F7-4668-BE54-9A1E7A4F7556}") = "ScenarioModel.Tests", "ScenarioModel.Tests\ScenarioModel.Tests.csproj", "{9AEC3B80-AF73-4CB3-8DE8-3B81F42A4370}"
EndProject
Project("{9A19103F-16F7-4668-BE54-9A1E7A4F7556}") = "ScenarioModelling_ConsoleFront", "ScenarioModelling_ConsoleFront\ScenarioModelling_ConsoleFront.csproj", "{9E318620-D992-45E8-8492-4983BD449B30}"
EndProject
Project("{2150E333-8FDC-42A3-9474-1A3956D46DE8}") = "Designer", "Designer", "{AAFAA4C1-73EE-406F-840F-A58557F858F5}"
EndProject
Global
	GlobalSection(SolutionConfigurationPlatforms) = preSolution
		Debug|Any CPU = Debug|Any CPU
		Release|Any CPU = Release|Any CPU
	EndGlobalSection
	GlobalSection(ProjectConfigurationPlatforms) = postSolution
		{184C6E70-1580-44E9-BB75-0F07F1F19236}.Debug|Any CPU.ActiveCfg = Debug|Any CPU
		{184C6E70-1580-44E9-BB75-0F07F1F19236}.Debug|Any CPU.Build.0 = Debug|Any CPU
		{184C6E70-1580-44E9-BB75-0F07F1F19236}.Release|Any CPU.ActiveCfg = Release|Any CPU
		{184C6E70-1580-44E9-BB75-0F07F1F19236}.Release|Any CPU.Build.0 = Release|Any CPU
		{9AEC3B80-AF73-4CB3-8DE8-3B81F42A4370}.Debug|Any CPU.ActiveCfg = Debug|Any CPU
		{9AEC3B80-AF73-4CB3-8DE8-3B81F42A4370}.Debug|Any CPU.Build.0 = Debug|Any CPU
		{9AEC3B80-AF73-4CB3-8DE8-3B81F42A4370}.Release|Any CPU.ActiveCfg = Release|Any CPU
		{9AEC3B80-AF73-4CB3-8DE8-3B81F42A4370}.Release|Any CPU.Build.0 = Release|Any CPU
		{9E318620-D992-45E8-8492-4983BD449B30}.Debug|Any CPU.ActiveCfg = Debug|Any CPU
		{9E318620-D992-45E8-8492-4983BD449B30}.Debug|Any CPU.Build.0 = Debug|Any CPU
		{9E318620-D992-45E8-8492-4983BD449B30}.Release|Any CPU.ActiveCfg = Release|Any CPU
		{9E318620-D992-45E8-8492-4983BD449B30}.Release|Any CPU.Build.0 = Release|Any CPU
	EndGlobalSection
	GlobalSection(SolutionProperties) = preSolution
		HideSolutionNode = FALSE
	EndGlobalSection
	GlobalSection(ExtensibilityGlobals) = postSolution
		SolutionGuid = {333BF7DB-891B-4BFD-992D-4026E1CE729D}
	EndGlobalSection
EndGlobal
