
Microsoft Visual Studio Solution File, Format Version 12.00
# Visual Studio Version 17
VisualStudioVersion = 17.7.34003.232
MinimumVisualStudioVersion = 10.0.40219.1
Project("{9A19103F-16F7-4668-BE54-9A1E7A4F7556}") = "ScenarioModelling", "ScenarioModel\ScenarioModelling.csproj", "{184C6E70-1580-44E9-BB75-0F07F1F19236}"
EndProject
Project("{9A19103F-16F7-4668-BE54-9A1E7A4F7556}") = "ScenarioModelling.Tests", "ScenarioModel.Tests\ScenarioModelling.Tests.csproj", "{9AEC3B80-AF73-4CB3-8DE8-3B81F42A4370}"
EndProject
Project("{FAE04EC0-301F-11D3-BF4B-00C04F79EFBC}") = "WebDesignerAPI", "WebDesignerAPI\WebDesignerAPI.csproj", "{B51B0F7B-DB14-4772-8304-DB0C8AE56D10}"
EndProject
Project("{2150E333-8FDC-42A3-9474-1A3956D46DE8}") = "Solution Items", "Solution Items", "{FFCE5DC5-768F-4C29-8C0E-7D0CAE2CAF29}"
	ProjectSection(SolutionItems) = preProject
		README.md = README.md
	EndProjectSection
EndProject
Global
	GlobalSection(SolutionConfigurationPlatforms) = preSolution
		Debug|Any CPU = Debug|Any CPU
		Release|Any CPU = Release|Any CPU
	EndGlobalSection
	GlobalSection(ProjectConfigurationPlatforms) = postSolution
		{184C6E70-1580-44E9-BB75-0F07F1F19236}.Debug|Any CPU.ActiveCfg = Debug|Any CPU
		{184C6E70-1580-44E9-BB75-0F07F1F19236}.Debug|Any CPU.Build.0 = Debug|Any CPU
		{184C6E70-1580-44E9-BB75-0F07F1F19236}.Release|Any CPU.ActiveCfg = Release|Any CPU
		{184C6E70-1580-44E9-BB75-0F07F1F19236}.Release|Any CPU.Build.0 = Release|Any CPU
		{9AEC3B80-AF73-4CB3-8DE8-3B81F42A4370}.Debug|Any CPU.ActiveCfg = Debug|Any CPU
		{9AEC3B80-AF73-4CB3-8DE8-3B81F42A4370}.Debug|Any CPU.Build.0 = Debug|Any CPU
		{9AEC3B80-AF73-4CB3-8DE8-3B81F42A4370}.Release|Any CPU.ActiveCfg = Release|Any CPU
		{9AEC3B80-AF73-4CB3-8DE8-3B81F42A4370}.Release|Any CPU.Build.0 = Release|Any CPU
		{B51B0F7B-DB14-4772-8304-DB0C8AE56D10}.Debug|Any CPU.ActiveCfg = Debug|Any CPU
		{B51B0F7B-DB14-4772-8304-DB0C8AE56D10}.Debug|Any CPU.Build.0 = Debug|Any CPU
		{B51B0F7B-DB14-4772-8304-DB0C8AE56D10}.Release|Any CPU.ActiveCfg = Release|Any CPU
		{B51B0F7B-DB14-4772-8304-DB0C8AE56D10}.Release|Any CPU.Build.0 = Release|Any CPU
	EndGlobalSection
	GlobalSection(SolutionProperties) = preSolution
		HideSolutionNode = FALSE
	EndGlobalSection
	GlobalSection(ExtensibilityGlobals) = postSolution
		SolutionGuid = {333BF7DB-891B-4BFD-992D-4026E1CE729D}
	EndGlobalSection
EndGlobal
